Microsoft Visual Studio Solution File, Format Version 12.00
# Visual Studio Version 17
VisualStudioVersion = 17.5.2.0
MinimumVisualStudioVersion = 10.0.40219.1
Project("{FAE04EC0-301F-11D3-BF4B-00C04F79EFBC}") = "WorkWeb", "WorkWeb.csproj", "{ACFC7803-57C4-FF34-D1F2-3EBF8CC4FFDD}"
EndProject
Global
	GlobalSection(SolutionConfigurationPlatforms) = preSolution
		Debug|Any CPU = Debug|Any CPU
		Release|Any CPU = Release|Any CPU
	EndGlobalSection
	GlobalSection(ProjectConfigurationPlatforms) = postSolution
		{ACFC7803-57C4-FF34-D1F2-3EBF8CC4FFDD}.Debug|Any CPU.ActiveCfg = Debug|Any CPU
		{ACFC7803-57C4-FF34-D1F2-3EBF8CC4FFDD}.Debug|Any CPU.Build.0 = Debug|Any CPU
		{ACFC7803-57C4-FF34-D1F2-3EBF8CC4FFDD}.Release|Any CPU.ActiveCfg = Release|Any CPU
		{ACFC7803-57C4-FF34-D1F2-3EBF8CC4FFDD}.Release|Any CPU.Build.0 = Release|Any CPU
	EndGlobalSection
	GlobalSection(SolutionProperties) = preSolution
		HideSolutionNode = FALSE
	EndGlobalSection
	GlobalSection(ExtensibilityGlobals) = postSolution
		SolutionGuid = {42CEDEC0-61BA-4D88-A4E9-A6A0D563DF5A}
	EndGlobalSection
EndGlobal
